Microsoft Visual Studio Solution File, Format Version 11.00
# Visual Studio 2008

Project("{31B61FDB-91D5-7FD5-A2AC-D1F02F680A59}") = "4thYearProject", "Assembly-CSharp.csproj", "{2318C1D0-4E18-6221-C363-F2B2AA196013}"
EndProject
Global
	GlobalSection(SolutionConfigurationPlatforms) = preSolution
		Debug|Any CPU = Debug|Any CPU
		Release|Any CPU = Release|Any CPU
	EndGlobalSection
	GlobalSection(ProjectConfigurationPlatforms) = postSolution
		{2318C1D0-4E18-6221-C363-F2B2AA196013}.Debug|Any CPU.ActiveCfg = Debug|Any CPU
		{2318C1D0-4E18-6221-C363-F2B2AA196013}.Debug|Any CPU.Build.0 = Debug|Any CPU
		{2318C1D0-4E18-6221-C363-F2B2AA196013}.Release|Any CPU.ActiveCfg = Release|Any CPU
		{2318C1D0-4E18-6221-C363-F2B2AA196013}.Release|Any CPU.Build.0 = Release|Any CPU
	EndGlobalSection
	GlobalSection(SolutionProperties) = preSolution
		HideSolutionNode = FALSE
	EndGlobalSection
																																																																						GlobalSection(MonoDevelopProperties) = preSolution
		StartupItem = Assembly-CSharp.csproj
		Policies = $0
		$0.TextStylePolicy = $1
		$1.inheritsSet = null
		$1.scope = text/x-csharp
		$0.CSharpFormattingPolicy = $2
		$2.inheritsSet = Mono
		$2.inheritsScope = text/x-csharp
		$2.scope = text/x-csharp
		$0.TextStylePolicy = $3
		$3.FileWidth = 120
		$3.TabWidth = 4
		$3.EolMarker = Unix
		$3.inheritsSet = Mono
		$3.inheritsScope = text/plain
		$3.scope = text/plain
	EndGlobalSection

EndGlobal
